
Microsoft Visual Studio Solution File, Format Version 12.00
# Visual Studio 15
VisualStudioVersion = 15.0.27130.2010
MinimumVisualStudioVersion = 10.0.40219.1
Project("{9092AA53-FB77-4645-B42D-1CCCA6BD08BD}") = "rusty-api", "rusty-api\rusty-api.njsproj", "{F4AB2D65-CBB7-4C2A-A1CA-6150AE8696DC}"
EndProject
Global
	GlobalSection(SolutionConfigurationPlatforms) = preSolution
		Debug|Any CPU = Debug|Any CPU
		Release|Any CPU = Release|Any CPU
	EndGlobalSection
	GlobalSection(ProjectConfigurationPlatforms) = postSolution
		{F4AB2D65-CBB7-4C2A-A1CA-6150AE8696DC}.Debug|Any CPU.ActiveCfg = Debug|Any CPU
		{F4AB2D65-CBB7-4C2A-A1CA-6150AE8696DC}.Debug|Any CPU.Build.0 = Debug|Any CPU
		{F4AB2D65-CBB7-4C2A-A1CA-6150AE8696DC}.Release|Any CPU.ActiveCfg = Release|Any CPU
		{F4AB2D65-CBB7-4C2A-A1CA-6150AE8696DC}.Release|Any CPU.Build.0 = Release|Any CPU
	EndGlobalSection
	GlobalSection(SolutionProperties) = preSolution
		HideSolutionNode = FALSE
	EndGlobalSection
	GlobalSection(ExtensibilityGlobals) = postSolution
		SolutionGuid = {43F21A2D-57FB-4C2C-8CBA-52AC012133D4}
	EndGlobalSection
EndGlobal
